
Microsoft Visual Studio Solution File, Format Version 12.00
# Visual Studio Version 17
VisualStudioVersion = 17.5.33627.172
MinimumVisualStudioVersion = 10.0.40219.1
Project("{8BC9CEB8-8B4A-11D0-8D11-00A0C91BC942}") = "Test", "Test\Test.vcxproj", "{E74502EE-215E-4A50-8A0E-6E96B3D782FE}"
EndProject
Project("{8BC9CEB8-8B4A-11D0-8D11-00A0C91BC942}") = "XML", "XML\XML.vcxproj", "{67AC7D2C-881B-40A8-9A9D-C621B453DF56}"
EndProject
Project("{8BC9CEB8-8B4A-11D0-8D11-00A0C91BC942}") = "Study", "Study\Study.vcxproj", "{5E58CFF6-417B-4E28-9EBA-49A7708935FF}"
EndProject
Global
	GlobalSection(SolutionConfigurationPlatforms) = preSolution
		Debug|x64 = Debug|x64
		Debug|x86 = Debug|x86
		Release|x64 = Release|x64
		Release|x86 = Release|x86
	EndGlobalSection
	GlobalSection(ProjectConfigurationPlatforms) = postSolution
		{E74502EE-215E-4A50-8A0E-6E96B3D782FE}.Debug|x64.ActiveCfg = Debug|x64
		{E74502EE-215E-4A50-8A0E-6E96B3D782FE}.Debug|x64.Build.0 = Debug|x64
		{E74502EE-215E-4A50-8A0E-6E96B3D782FE}.Debug|x86.ActiveCfg = Debug|Win32
		{E74502EE-215E-4A50-8A0E-6E96B3D782FE}.Debug|x86.Build.0 = Debug|Win32
		{E74502EE-215E-4A50-8A0E-6E96B3D782FE}.Release|x64.ActiveCfg = Release|x64
		{E74502EE-215E-4A50-8A0E-6E96B3D782FE}.Release|x64.Build.0 = Release|x64
		{E74502EE-215E-4A50-8A0E-6E96B3D782FE}.Release|x86.ActiveCfg = Release|Win32
		{E74502EE-215E-4A50-8A0E-6E96B3D782FE}.Release|x86.Build.0 = Release|Win32
		{67AC7D2C-881B-40A8-9A9D-C621B453DF56}.Debug|x64.ActiveCfg = Debug|x64
		{67AC7D2C-881B-40A8-9A9D-C621B453DF56}.Debug|x64.Build.0 = Debug|x64
		{67AC7D2C-881B-40A8-9A9D-C621B453DF56}.Debug|x86.ActiveCfg = Debug|Win32
		{67AC7D2C-881B-40A8-9A9D-C621B453DF56}.Debug|x86.Build.0 = Debug|Win32
		{67AC7D2C-881B-40A8-9A9D-C621B453DF56}.Release|x64.ActiveCfg = Release|x64
		{67AC7D2C-881B-40A8-9A9D-C621B453DF56}.Release|x64.Build.0 = Release|x64
		{67AC7D2C-881B-40A8-9A9D-C621B453DF56}.Release|x86.ActiveCfg = Release|Win32
		{67AC7D2C-881B-40A8-9A9D-C621B453DF56}.Release|x86.Build.0 = Release|Win32
		{5E58CFF6-417B-4E28-9EBA-49A7708935FF}.Debug|x64.ActiveCfg = Debug|x64
		{5E58CFF6-417B-4E28-9EBA-49A7708935FF}.Debug|x64.Build.0 = Debug|x64
		{5E58CFF6-417B-4E28-9EBA-49A7708935FF}.Debug|x86.ActiveCfg = Debug|Win32
		{5E58CFF6-417B-4E28-9EBA-49A7708935FF}.Debug|x86.Build.0 = Debug|Win32
		{5E58CFF6-417B-4E28-9EBA-49A7708935FF}.Release|x64.ActiveCfg = Release|x64
		{5E58CFF6-417B-4E28-9EBA-49A7708935FF}.Release|x64.Build.0 = Release|x64
		{5E58CFF6-417B-4E28-9EBA-49A7708935FF}.Release|x86.ActiveCfg = Release|Win32
		{5E58CFF6-417B-4E28-9EBA-49A7708935FF}.Release|x86.Build.0 = Release|Win32
	EndGlobalSection
	GlobalSection(SolutionProperties) = preSolution
		HideSolutionNode = FALSE
	EndGlobalSection
	GlobalSection(ExtensibilityGlobals) = postSolution
		SolutionGuid = {522B5867-BDA2-4A45-B2C7-8F097B27FDB4}
	EndGlobalSection
EndGlobal
